
Microsoft Visual Studio Solution File, Format Version 12.00
# Visual Studio 14
VisualStudioVersion = 14.0.24720.0
MinimumVisualStudioVersion = 10.0.40219.1
Project("{FAE04EC0-301F-11D3-BF4B-00C04F79EFBC}") = "OP10.MultipleMediaPicker", "OP10.MultipleMediaPicker\OP10.MultipleMediaPicker.csproj", "{3E727DA8-4939-462F-97B9-0A37C8D1849A}"
EndProject
Project("{2150E333-8FDC-42A3-9474-1A3956D46DE8}") = "Solution Items", "Solution Items", "{C30B9FC0-879B-4F52-ACEB-B7E52F91915C}"
	ProjectSection(SolutionItems) = preProject
		.gitignore = .gitignore
		LICENSE.md = LICENSE.md
		README.md = README.md
	EndProjectSection
EndProject
Project("{FAE04EC0-301F-11D3-BF4B-00C04F79EFBC}") = "OP10.MultipleMediaPicker.Web.UI", "test\OP10.MultipleMediaPicker.Web.UI\OP10.MultipleMediaPicker.Web.UI.csproj", "{0A9C1EFE-9EC2-41C3-A2A1-3F66FEA214AD}"
EndProject
Project("{2150E333-8FDC-42A3-9474-1A3956D46DE8}") = "build", "build", "{00B232E7-DA02-4046-BAE6-59A2DC923900}"
	ProjectSection(SolutionItems) = preProject
		build\build.cake = build\build.cake
		build\build.ps1 = build\build.ps1
		build\OP10.MultipleMediaPicker.nuspec = build\OP10.MultipleMediaPicker.nuspec
		build\package.xml = build\package.xml
		build\UmbracoPackage.proj = build\UmbracoPackage.proj
	EndProjectSection
EndProject
Global
	GlobalSection(SolutionConfigurationPlatforms) = preSolution
		Debug|Any CPU = Debug|Any CPU
		Release|Any CPU = Release|Any CPU
	EndGlobalSection
	GlobalSection(ProjectConfigurationPlatforms) = postSolution
		{3E727DA8-4939-462F-97B9-0A37C8D1849A}.Debug|Any CPU.ActiveCfg = Debug|Any CPU
		{3E727DA8-4939-462F-97B9-0A37C8D1849A}.Debug|Any CPU.Build.0 = Debug|Any CPU
		{3E727DA8-4939-462F-97B9-0A37C8D1849A}.Release|Any CPU.ActiveCfg = Release|Any CPU
		{3E727DA8-4939-462F-97B9-0A37C8D1849A}.Release|Any CPU.Build.0 = Release|Any CPU
		{0A9C1EFE-9EC2-41C3-A2A1-3F66FEA214AD}.Debug|Any CPU.ActiveCfg = Debug|Any CPU
		{0A9C1EFE-9EC2-41C3-A2A1-3F66FEA214AD}.Debug|Any CPU.Build.0 = Debug|Any CPU
		{0A9C1EFE-9EC2-41C3-A2A1-3F66FEA214AD}.Release|Any CPU.ActiveCfg = Release|Any CPU
		{0A9C1EFE-9EC2-41C3-A2A1-3F66FEA214AD}.Release|Any CPU.Build.0 = Release|Any CPU
	EndGlobalSection
	GlobalSection(SolutionProperties) = preSolution
		HideSolutionNode = FALSE
	EndGlobalSection
EndGlobal
